// !$*UTF8*$!
{
	archiveVersion = 1;
	classes = {
	};
	objectVersion = 46;
	objects = {

/* Begin PBXBuildFile section */
		3A1C55931BECE19B006EC3F7 /* Aeon.framework in Frameworks */ = {isa = PBXBuildFile; fileRef = 3A1C55891BECE19A006EC3F7 /* Aeon.framework */; };
		3A1C55A41BECE2DC006EC3F7 /* AeonTests.swift in Sources */ = {isa = PBXBuildFile; fileRef = 3A1C55A21BECE2DC006EC3F7 /* AeonTests.swift */; };
		3A1C55A51BECE2DC006EC3F7 /* AeonTests.swift in Sources */ = {isa = PBXBuildFile; fileRef = 3A1C55A21BECE2DC006EC3F7 /* AeonTests.swift */; };
		B0D521741BE4F753002063D5 /* Aeon.h in Headers */ = {isa = PBXBuildFile; fileRef = B0D521731BE4F753002063D5 /* Aeon.h */; settings = {ATTRIBUTES = (Public, ); }; };
		B0D5217B1BE4F753002063D5 /* Aeon.framework in Frameworks */ = {isa = PBXBuildFile; fileRef = B0D521701BE4F753002063D5 /* Aeon.framework */; };
		B0EA678C1C0BE17600515762 /* HTTPParser.swift in Sources */ = {isa = PBXBuildFile; fileRef = B0EA67811C0BE17600515762 /* HTTPParser.swift */; };
		B0EA678D1C0BE17600515762 /* HTTPParser.swift in Sources */ = {isa = PBXBuildFile; fileRef = B0EA67811C0BE17600515762 /* HTTPParser.swift */; };
		B0EA678E1C0BE17600515762 /* HTTPSerializer.swift in Sources */ = {isa = PBXBuildFile; fileRef = B0EA67821C0BE17600515762 /* HTTPSerializer.swift */; };
		B0EA678F1C0BE17600515762 /* HTTPSerializer.swift in Sources */ = {isa = PBXBuildFile; fileRef = B0EA67821C0BE17600515762 /* HTTPSerializer.swift */; };
		B0EA67901C0BE17600515762 /* HTTPServer.swift in Sources */ = {isa = PBXBuildFile; fileRef = B0EA67831C0BE17600515762 /* HTTPServer.swift */; };
		B0EA67911C0BE17600515762 /* HTTPServer.swift in Sources */ = {isa = PBXBuildFile; fileRef = B0EA67831C0BE17600515762 /* HTTPServer.swift */; };
		B0EA67921C0BE17600515762 /* TCPServer.swift in Sources */ = {isa = PBXBuildFile; fileRef = B0EA67841C0BE17600515762 /* TCPServer.swift */; };
		B0EA67931C0BE17600515762 /* TCPServer.swift in Sources */ = {isa = PBXBuildFile; fileRef = B0EA67841C0BE17600515762 /* TCPServer.swift */; };
		B0EA67941C0BE17600515762 /* TCPStream.swift in Sources */ = {isa = PBXBuildFile; fileRef = B0EA67851C0BE17600515762 /* TCPStream.swift */; };
		B0EA67951C0BE17600515762 /* TCPStream.swift in Sources */ = {isa = PBXBuildFile; fileRef = B0EA67851C0BE17600515762 /* TCPStream.swift */; };
		B0EA67961C0BE17600515762 /* HTTPRequestParserType.swift in Sources */ = {isa = PBXBuildFile; fileRef = B0EA67871C0BE17600515762 /* HTTPRequestParserType.swift */; };
		B0EA67971C0BE17600515762 /* HTTPRequestParserType.swift in Sources */ = {isa = PBXBuildFile; fileRef = B0EA67871C0BE17600515762 /* HTTPRequestParserType.swift */; };
		B0EA67981C0BE17600515762 /* HTTPResponseSerializerType.swift in Sources */ = {isa = PBXBuildFile; fileRef = B0EA67881C0BE17600515762 /* HTTPResponseSerializerType.swift */; };
		B0EA67991C0BE17600515762 /* HTTPResponseSerializerType.swift in Sources */ = {isa = PBXBuildFile; fileRef = B0EA67881C0BE17600515762 /* HTTPResponseSerializerType.swift */; };
		B0EA679A1C0BE17600515762 /* HTTPServerType.swift in Sources */ = {isa = PBXBuildFile; fileRef = B0EA67891C0BE17600515762 /* HTTPServerType.swift */; };
		B0EA679B1C0BE17600515762 /* HTTPServerType.swift in Sources */ = {isa = PBXBuildFile; fileRef = B0EA67891C0BE17600515762 /* HTTPServerType.swift */; };
		B0EA679C1C0BE17600515762 /* TCPServerType.swift in Sources */ = {isa = PBXBuildFile; fileRef = B0EA678A1C0BE17600515762 /* TCPServerType.swift */; };
		B0EA679D1C0BE17600515762 /* TCPServerType.swift in Sources */ = {isa = PBXBuildFile; fileRef = B0EA678A1C0BE17600515762 /* TCPServerType.swift */; };
		B0EA67E11C0BE1D700515762 /* HTTPServerResponderType.swift in Sources */ = {isa = PBXBuildFile; fileRef = B0EA67E01C0BE1D700515762 /* HTTPServerResponderType.swift */; };
		B0EA67E21C0BE1D700515762 /* HTTPServerResponderType.swift in Sources */ = {isa = PBXBuildFile; fileRef = B0EA67E01C0BE1D700515762 /* HTTPServerResponderType.swift */; };
/* End PBXBuildFile section */

/* Begin PBXContainerItemProxy section */
		3A1C55941BECE19B006EC3F7 /* PBXContainerItemProxy */ = {
			isa = PBXContainerItemProxy;
			containerPortal = B0D521671BE4F753002063D5 /* Project object */;
			proxyType = 1;
			remoteGlobalIDString = 3A1C55881BECE19A006EC3F7;
			remoteInfo = "Aeon iOS";
		};
		B0D5217C1BE4F753002063D5 /* PBXContainerItemProxy */ = {
			isa = PBXContainerItemProxy;
			containerPortal = B0D521671BE4F753002063D5 /* Project object */;
			proxyType = 1;
			remoteGlobalIDString = B0D5216F1BE4F753002063D5;
			remoteInfo = Aeon;
		};
		B0EA67A71C0BE17F00515762 /* PBXContainerItemProxy */ = {
			isa = PBXContainerItemProxy;
			containerPortal = B0EA67A01C0BE17F00515762 /* TCPIP.xcodeproj */;
			proxyType = 2;
			remoteGlobalIDString = B005109B1BE97B7B001B3F26;
			remoteInfo = "TCPIP OSX";
		};
		B0EA67A91C0BE17F00515762 /* PBXContainerItemProxy */ = {
			isa = PBXContainerItemProxy;
			containerPortal = B0EA67A01C0BE17F00515762 /* TCPIP.xcodeproj */;
			proxyType = 2;
			remoteGlobalIDString = B00510EA1BE9952D001B3F26;
			remoteInfo = "TCPIP iOS";
		};
		B0EA67AB1C0BE17F00515762 /* PBXContainerItemProxy */ = {
			isa = PBXContainerItemProxy;
			containerPortal = B0EA67A01C0BE17F00515762 /* TCPIP.xcodeproj */;
			proxyType = 2;
			remoteGlobalIDString = B00510A51BE97B7B001B3F26;
			remoteInfo = "TCPIP OSX Tests";
		};
		B0EA67AD1C0BE17F00515762 /* PBXContainerItemProxy */ = {
			isa = PBXContainerItemProxy;
			containerPortal = B0EA67A01C0BE17F00515762 /* TCPIP.xcodeproj */;
			proxyType = 2;
			remoteGlobalIDString = B00510F31BE9952D001B3F26;
			remoteInfo = "TCPIP iOS Tests";
		};
		B0EA67B61C0BE18400515762 /* PBXContainerItemProxy */ = {
			isa = PBXContainerItemProxy;
			containerPortal = B0EA67AF1C0BE18400515762 /* GrandCentralDispatch.xcodeproj */;
			proxyType = 2;
			remoteGlobalIDString = B005109B1BE97B7B001B3F26;
			remoteInfo = "GrandCentralDispatch OSX";
		};
		B0EA67B81C0BE18400515762 /* PBXContainerItemProxy */ = {
			isa = PBXContainerItemProxy;
			containerPortal = B0EA67AF1C0BE18400515762 /* GrandCentralDispatch.xcodeproj */;
			proxyType = 2;
			remoteGlobalIDString = B00510EA1BE9952D001B3F26;
			remoteInfo = "GrandCentralDispatch iOS";
		};
		B0EA67BA1C0BE18400515762 /* PBXContainerItemProxy */ = {
			isa = PBXContainerItemProxy;
			containerPortal = B0EA67AF1C0BE18400515762 /* GrandCentralDispatch.xcodeproj */;
			proxyType = 2;
			remoteGlobalIDString = B00510A51BE97B7B001B3F26;
			remoteInfo = "GrandCentralDispatch OSX Tests";
		};
		B0EA67BC1C0BE18400515762 /* PBXContainerItemProxy */ = {
			isa = PBXContainerItemProxy;
			containerPortal = B0EA67AF1C0BE18400515762 /* GrandCentralDispatch.xcodeproj */;
			proxyType = 2;
			remoteGlobalIDString = B00510F31BE9952D001B3F26;
			remoteInfo = "GrandCentralDispatch iOS Tests";
		};
		B0EA67C61C0BE18F00515762 /* PBXContainerItemProxy */ = {
			isa = PBXContainerItemProxy;
			containerPortal = B0EA67BE1C0BE18E00515762 /* HTTPParser.xcodeproj */;
			proxyType = 2;
			remoteGlobalIDString = B0B94B471BD0C40100D297F3;
			remoteInfo = "HTTPParser OSX";
		};
		B0EA67C81C0BE18F00515762 /* PBXContainerItemProxy */ = {
			isa = PBXContainerItemProxy;
			containerPortal = B0EA67BE1C0BE18E00515762 /* HTTPParser.xcodeproj */;
			proxyType = 2;
			remoteGlobalIDString = B0B94B111BD099AD00D297F3;
			remoteInfo = "HTTPParser iOS";
		};
		B0EA67CA1C0BE18F00515762 /* PBXContainerItemProxy */ = {
			isa = PBXContainerItemProxy;
			containerPortal = B0EA67BE1C0BE18E00515762 /* HTTPParser.xcodeproj */;
			proxyType = 2;
			remoteGlobalIDString = B0B94B501BD0C40100D297F3;
			remoteInfo = "HTTPParser OSX Tests";
		};
		B0EA67CC1C0BE18F00515762 /* PBXContainerItemProxy */ = {
			isa = PBXContainerItemProxy;
			containerPortal = B0EA67BE1C0BE18E00515762 /* HTTPParser.xcodeproj */;
			proxyType = 2;
			remoteGlobalIDString = B0B94B1B1BD099AE00D297F3;
			remoteInfo = "HTTPParser iOS Tests";
		};
		B0EA67D41C0BE1AE00515762 /* PBXContainerItemProxy */ = {
			isa = PBXContainerItemProxy;
			containerPortal = B0EA67A01C0BE17F00515762 /* TCPIP.xcodeproj */;
			proxyType = 1;
			remoteGlobalIDString = B00510E91BE9952D001B3F26;
			remoteInfo = "TCPIP iOS";
		};
		B0EA67D61C0BE1AE00515762 /* PBXContainerItemProxy */ = {
			isa = PBXContainerItemProxy;
			containerPortal = B0EA67AF1C0BE18400515762 /* GrandCentralDispatch.xcodeproj */;
			proxyType = 1;
			remoteGlobalIDString = B00510E91BE9952D001B3F26;
			remoteInfo = "GrandCentralDispatch iOS";
		};
		B0EA67D81C0BE1AE00515762 /* PBXContainerItemProxy */ = {
			isa = PBXContainerItemProxy;
			containerPortal = B0EA67BE1C0BE18E00515762 /* HTTPParser.xcodeproj */;
			proxyType = 1;
			remoteGlobalIDString = B0B94B101BD099AD00D297F3;
			remoteInfo = "HTTPParser iOS";
		};
		B0EA67DA1C0BE1B500515762 /* PBXContainerItemProxy */ = {
			isa = PBXContainerItemProxy;
			containerPortal = B0EA67A01C0BE17F00515762 /* TCPIP.xcodeproj */;
			proxyType = 1;
			remoteGlobalIDString = B005109A1BE97B7B001B3F26;
			remoteInfo = "TCPIP OSX";
		};
		B0EA67DC1C0BE1B500515762 /* PBXContainerItemProxy */ = {
			isa = PBXContainerItemProxy;
			containerPortal = B0EA67AF1C0BE18400515762 /* GrandCentralDispatch.xcodeproj */;
			proxyType = 1;
			remoteGlobalIDString = B005109A1BE97B7B001B3F26;
			remoteInfo = "GrandCentralDispatch OSX";
		};
		B0EA67DE1C0BE1B500515762 /* PBXContainerItemProxy */ = {
			isa = PBXContainerItemProxy;
			containerPortal = B0EA67BE1C0BE18E00515762 /* HTTPParser.xcodeproj */;
			proxyType = 1;
			remoteGlobalIDString = B0B94B461BD0C40100D297F3;
			remoteInfo = "HTTPParser OSX";
		};
/* End PBXContainerItemProxy section */

/* Begin PBXFileReference section */
		3A1C55891BECE19A006EC3F7 /* Aeon.framework */ = {isa = PBXFileReference; explicitFileType = wrapper.framework; includeInIndex = 0; path = Aeon.framework; sourceTree = BUILT_PRODUCTS_DIR; };
		3A1C55921BECE19A006EC3F7 /* Aeon iOS Tests.xctest */ = {isa = PBXFileReference; explicitFileType = wrapper.cfbundle; includeInIndex = 0; path = "Aeon iOS Tests.xctest"; sourceTree = BUILT_PRODUCTS_DIR; };
		3A1C55A21BECE2DC006EC3F7 /* AeonTests.swift */ = {isa = PBXFileReference; fileEncoding = 4; lastKnownFileType = sourcecode.swift; path = AeonTests.swift; sourceTree = "<group>"; };
		3A1C55A31BECE2DC006EC3F7 /* Info.plist */ = {isa = PBXFileReference; fileEncoding = 4; lastKnownFileType = text.plist.xml; path = Info.plist; sourceTree = "<group>"; };
		B0D521701BE4F753002063D5 /* Aeon.framework */ = {isa = PBXFileReference; explicitFileType = wrapper.framework; includeInIndex = 0; path = Aeon.framework; sourceTree = BUILT_PRODUCTS_DIR; };
		B0D521731BE4F753002063D5 /* Aeon.h */ = {isa = PBXFileReference; lastKnownFileType = sourcecode.c.h; path = Aeon.h; sourceTree = "<group>"; };
		B0D521751BE4F753002063D5 /* Info.plist */ = {isa = PBXFileReference; lastKnownFileType = text.plist.xml; path = Info.plist; sourceTree = "<group>"; };
		B0D5217A1BE4F753002063D5 /* Aeon OSX Tests.xctest */ = {isa = PBXFileReference; explicitFileType = wrapper.cfbundle; includeInIndex = 0; path = "Aeon OSX Tests.xctest"; sourceTree = BUILT_PRODUCTS_DIR; };
		B0EA67811C0BE17600515762 /* HTTPParser.swift */ = {isa = PBXFileReference; fileEncoding = 4; lastKnownFileType = sourcecode.swift; path = HTTPParser.swift; sourceTree = "<group>"; };
		B0EA67821C0BE17600515762 /* HTTPSerializer.swift */ = {isa = PBXFileReference; fileEncoding = 4; lastKnownFileType = sourcecode.swift; path = HTTPSerializer.swift; sourceTree = "<group>"; };
		B0EA67831C0BE17600515762 /* HTTPServer.swift */ = {isa = PBXFileReference; fileEncoding = 4; lastKnownFileType = sourcecode.swift; path = HTTPServer.swift; sourceTree = "<group>"; };
		B0EA67841C0BE17600515762 /* TCPServer.swift */ = {isa = PBXFileReference; fileEncoding = 4; lastKnownFileType = sourcecode.swift; path = TCPServer.swift; sourceTree = "<group>"; };
		B0EA67851C0BE17600515762 /* TCPStream.swift */ = {isa = PBXFileReference; fileEncoding = 4; lastKnownFileType = sourcecode.swift; path = TCPStream.swift; sourceTree = "<group>"; };
		B0EA67871C0BE17600515762 /* HTTPRequestParserType.swift */ = {isa = PBXFileReference; fileEncoding = 4; lastKnownFileType = sourcecode.swift; path = HTTPRequestParserType.swift; sourceTree = "<group>"; };
		B0EA67881C0BE17600515762 /* HTTPResponseSerializerType.swift */ = {isa = PBXFileReference; fileEncoding = 4; lastKnownFileType = sourcecode.swift; path = HTTPResponseSerializerType.swift; sourceTree = "<group>"; };
		B0EA67891C0BE17600515762 /* HTTPServerType.swift */ = {isa = PBXFileReference; fileEncoding = 4; lastKnownFileType = sourcecode.swift; path = HTTPServerType.swift; sourceTree = "<group>"; };
		B0EA678A1C0BE17600515762 /* TCPServerType.swift */ = {isa = PBXFileReference; fileEncoding = 4; lastKnownFileType = sourcecode.swift; path = TCPServerType.swift; sourceTree = "<group>"; };
		B0EA67A01C0BE17F00515762 /* TCPIP.xcodeproj */ = {isa = PBXFileReference; lastKnownFileType = "wrapper.pb-project"; name = TCPIP.xcodeproj; path = TCPIP/TCPIP.xcodeproj; sourceTree = "<group>"; };
		B0EA67AF1C0BE18400515762 /* GrandCentralDispatch.xcodeproj */ = {isa = PBXFileReference; lastKnownFileType = "wrapper.pb-project"; name = GrandCentralDispatch.xcodeproj; path = GrandCentralDispatch/GrandCentralDispatch.xcodeproj; sourceTree = "<group>"; };
		B0EA67BE1C0BE18E00515762 /* HTTPParser.xcodeproj */ = {isa = PBXFileReference; lastKnownFileType = "wrapper.pb-project"; name = HTTPParser.xcodeproj; path = HTTPParser/HTTPParser.xcodeproj; sourceTree = "<group>"; };
		B0EA67E01C0BE1D700515762 /* HTTPServerResponderType.swift */ = {isa = PBXFileReference; fileEncoding = 4; lastKnownFileType = sourcecode.swift; path = HTTPServerResponderType.swift; sourceTree = "<group>"; };
/* End PBXFileReference section */

/* Begin PBXFrameworksBuildPhase section */
		3A1C55851BECE19A006EC3F7 /* Frameworks */ = {
			isa = PBXFrameworksBuildPhase;
			buildActionMask = 2147483647;
			files = (
			);
			runOnlyForDeploymentPostprocessing = 0;
		};
		3A1C558F1BECE19A006EC3F7 /* Frameworks */ = {
			isa = PBXFrameworksBuildPhase;
			buildActionMask = 2147483647;
			files = (
				3A1C55931BECE19B006EC3F7 /* Aeon.framework in Frameworks */,
			);
			runOnlyForDeploymentPostprocessing = 0;
		};
		B0D5216C1BE4F753002063D5 /* Frameworks */ = {
			isa = PBXFrameworksBuildPhase;
			buildActionMask = 2147483647;
			files = (
			);
			runOnlyForDeploymentPostprocessing = 0;
		};
		B0D521771BE4F753002063D5 /* Frameworks */ = {
			isa = PBXFrameworksBuildPhase;
			buildActionMask = 2147483647;
			files = (
				B0D5217B1BE4F753002063D5 /* Aeon.framework in Frameworks */,
			);
			runOnlyForDeploymentPostprocessing = 0;
		};
/* End PBXFrameworksBuildPhase section */

/* Begin PBXGroup section */
		3A1C55A11BECE2DC006EC3F7 /* Aeon Tests */ = {
			isa = PBXGroup;
			children = (
				3A1C55A21BECE2DC006EC3F7 /* AeonTests.swift */,
				3A1C55A31BECE2DC006EC3F7 /* Info.plist */,
			);
			path = "Aeon Tests";
			sourceTree = "<group>";
		};
		B0D521661BE4F753002063D5 = {
			isa = PBXGroup;
			children = (
				B0EA67A01C0BE17F00515762 /* TCPIP.xcodeproj */,
				B0EA67AF1C0BE18400515762 /* GrandCentralDispatch.xcodeproj */,
				B0EA67BE1C0BE18E00515762 /* HTTPParser.xcodeproj */,
				B0D521721BE4F753002063D5 /* Aeon */,
				3A1C55A11BECE2DC006EC3F7 /* Aeon Tests */,
				B0D521711BE4F753002063D5 /* Products */,
			);
			sourceTree = "<group>";
		};
		B0D521711BE4F753002063D5 /* Products */ = {
			isa = PBXGroup;
			children = (
				B0D521701BE4F753002063D5 /* Aeon.framework */,
				B0D5217A1BE4F753002063D5 /* Aeon OSX Tests.xctest */,
				3A1C55891BECE19A006EC3F7 /* Aeon.framework */,
				3A1C55921BECE19A006EC3F7 /* Aeon iOS Tests.xctest */,
			);
			name = Products;
			sourceTree = "<group>";
		};
		B0D521721BE4F753002063D5 /* Aeon */ = {
			isa = PBXGroup;
			children = (
				B0D521731BE4F753002063D5 /* Aeon.h */,
				B0D521751BE4F753002063D5 /* Info.plist */,
				B0EA67801C0BE17600515762 /* HTTPServer */,
				B0EA67861C0BE17600515762 /* HTTPServerType */,
			);
			path = Aeon;
			sourceTree = "<group>";
		};
		B0EA67801C0BE17600515762 /* HTTPServer */ = {
			isa = PBXGroup;
			children = (
				B0EA67811C0BE17600515762 /* HTTPParser.swift */,
				B0EA67821C0BE17600515762 /* HTTPSerializer.swift */,
				B0EA67831C0BE17600515762 /* HTTPServer.swift */,
				B0EA67841C0BE17600515762 /* TCPServer.swift */,
				B0EA67851C0BE17600515762 /* TCPStream.swift */,
			);
			path = HTTPServer;
			sourceTree = "<group>";
		};
		B0EA67861C0BE17600515762 /* HTTPServerType */ = {
			isa = PBXGroup;
			children = (
				B0EA67891C0BE17600515762 /* HTTPServerType.swift */,
				B0EA67871C0BE17600515762 /* HTTPRequestParserType.swift */,
				B0EA67881C0BE17600515762 /* HTTPResponseSerializerType.swift */,
				B0EA67E01C0BE1D700515762 /* HTTPServerResponderType.swift */,
				B0EA678A1C0BE17600515762 /* TCPServerType.swift */,
			);
			path = HTTPServerType;
			sourceTree = "<group>";
		};
		B0EA67A11C0BE17F00515762 /* Products */ = {
			isa = PBXGroup;
			children = (
				B0EA67A81C0BE17F00515762 /* TCPIP.framework */,
				B0EA67AA1C0BE17F00515762 /* TCPIP.framework */,
				B0EA67AC1C0BE17F00515762 /* TCPIPTests.xctest */,
				B0EA67AE1C0BE17F00515762 /* TCPIPTests.xctest */,
			);
			name = Products;
			sourceTree = "<group>";
		};
		B0EA67B01C0BE18400515762 /* Products */ = {
			isa = PBXGroup;
			children = (
				B0EA67B71C0BE18400515762 /* GrandCentralDispatch.framework */,
				B0EA67B91C0BE18400515762 /* GrandCentralDispatch.framework */,
				B0EA67BB1C0BE18400515762 /* GrandCentralDispatchTests.xctest */,
				B0EA67BD1C0BE18400515762 /* GrandCentralDispatchTests.xctest */,
			);
			name = Products;
			sourceTree = "<group>";
		};
		B0EA67BF1C0BE18E00515762 /* Products */ = {
			isa = PBXGroup;
			children = (
				B0EA67C71C0BE18F00515762 /* HTTPParser.framework */,
				B0EA67C91C0BE18F00515762 /* HTTPParser.framework */,
				B0EA67CB1C0BE18F00515762 /* HTTPParserTests.xctest */,
				B0EA67CD1C0BE18F00515762 /* HTTPParserTests.xctest */,
			);
			name = Products;
			sourceTree = "<group>";
		};
/* End PBXGroup section */

/* Begin PBXHeadersBuildPhase section */
		3A1C55861BECE19A006EC3F7 /* Headers */ = {
			isa = PBXHeadersBuildPhase;
			buildActionMask = 2147483647;
			files = (
			);
			runOnlyForDeploymentPostprocessing = 0;
		};
		B0D5216D1BE4F753002063D5 /* Headers */ = {
			isa = PBXHeadersBuildPhase;
			buildActionMask = 2147483647;
			files = (
				B0D521741BE4F753002063D5 /* Aeon.h in Headers */,
			);
			runOnlyForDeploymentPostprocessing = 0;
		};
/* End PBXHeadersBuildPhase section */

/* Begin PBXNativeTarget section */
		3A1C55881BECE19A006EC3F7 /* Aeon iOS */ = {
			isa = PBXNativeTarget;
			buildConfigurationList = 3A1C559A1BECE19B006EC3F7 /* Build configuration list for PBXNativeTarget "Aeon iOS" */;
			buildPhases = (
				3A1C55841BECE19A006EC3F7 /* Sources */,
				3A1C55851BECE19A006EC3F7 /* Frameworks */,
				3A1C55861BECE19A006EC3F7 /* Headers */,
				3A1C55871BECE19A006EC3F7 /* Resources */,
			);
			buildRules = (
			);
			dependencies = (
				B0EA67D51C0BE1AE00515762 /* PBXTargetDependency */,
				B0EA67D71C0BE1AE00515762 /* PBXTargetDependency */,
				B0EA67D91C0BE1AE00515762 /* PBXTargetDependency */,
			);
			name = "Aeon iOS";
			productName = "Aeon iOS";
			productReference = 3A1C55891BECE19A006EC3F7 /* Aeon.framework */;
			productType = "com.apple.product-type.framework";
		};
		3A1C55911BECE19A006EC3F7 /* Aeon iOS Tests */ = {
			isa = PBXNativeTarget;
			buildConfigurationList = 3A1C559D1BECE19B006EC3F7 /* Build configuration list for PBXNativeTarget "Aeon iOS Tests" */;
			buildPhases = (
				3A1C558E1BECE19A006EC3F7 /* Sources */,
				3A1C558F1BECE19A006EC3F7 /* Frameworks */,
				3A1C55901BECE19A006EC3F7 /* Resources */,
			);
			buildRules = (
			);
			dependencies = (
				3A1C55951BECE19B006EC3F7 /* PBXTargetDependency */,
			);
			name = "Aeon iOS Tests";
			productName = "Aeon iOSTests";
			productReference = 3A1C55921BECE19A006EC3F7 /* Aeon iOS Tests.xctest */;
			productType = "com.apple.product-type.bundle.unit-test";
		};
		B0D5216F1BE4F753002063D5 /* Aeon OSX */ = {
			isa = PBXNativeTarget;
			buildConfigurationList = B0D521841BE4F753002063D5 /* Build configuration list for PBXNativeTarget "Aeon OSX" */;
			buildPhases = (
				B0D5216B1BE4F753002063D5 /* Sources */,
				B0D5216C1BE4F753002063D5 /* Frameworks */,
				B0D5216D1BE4F753002063D5 /* Headers */,
				B0D5216E1BE4F753002063D5 /* Resources */,
			);
			buildRules = (
			);
			dependencies = (
				B0EA67DB1C0BE1B500515762 /* PBXTargetDependency */,
				B0EA67DD1C0BE1B500515762 /* PBXTargetDependency */,
				B0EA67DF1C0BE1B500515762 /* PBXTargetDependency */,
			);
			name = "Aeon OSX";
			productName = Aeon;
			productReference = B0D521701BE4F753002063D5 /* Aeon.framework */;
			productType = "com.apple.product-type.framework";
		};
		B0D521791BE4F753002063D5 /* Aeon OSX Tests */ = {
			isa = PBXNativeTarget;
			buildConfigurationList = B0D521871BE4F753002063D5 /* Build configuration list for PBXNativeTarget "Aeon OSX Tests" */;
			buildPhases = (
				B0D521761BE4F753002063D5 /* Sources */,
				B0D521771BE4F753002063D5 /* Frameworks */,
				B0D521781BE4F753002063D5 /* Resources */,
			);
			buildRules = (
			);
			dependencies = (
				B0D5217D1BE4F753002063D5 /* PBXTargetDependency */,
			);
			name = "Aeon OSX Tests";
			productName = AeonTests;
			productReference = B0D5217A1BE4F753002063D5 /* Aeon OSX Tests.xctest */;
			productType = "com.apple.product-type.bundle.unit-test";
		};
/* End PBXNativeTarget section */

/* Begin PBXProject section */
		B0D521671BE4F753002063D5 /* Project object */ = {
			isa = PBXProject;
			attributes = {
				LastSwiftUpdateCheck = 0710;
				LastUpgradeCheck = 0710;
				ORGANIZATIONNAME = Zewo;
				TargetAttributes = {
					3A1C55881BECE19A006EC3F7 = {
						CreatedOnToolsVersion = 7.1;
					};
					3A1C55911BECE19A006EC3F7 = {
						CreatedOnToolsVersion = 7.1;
					};
					B0D5216F1BE4F753002063D5 = {
						CreatedOnToolsVersion = 7.1;
					};
					B0D521791BE4F753002063D5 = {
						CreatedOnToolsVersion = 7.1;
					};
				};
			};
			buildConfigurationList = B0D5216A1BE4F753002063D5 /* Build configuration list for PBXProject "Aeon" */;
			compatibilityVersion = "Xcode 3.2";
			developmentRegion = English;
			hasScannedForEncodings = 0;
			knownRegions = (
				en,
			);
			mainGroup = B0D521661BE4F753002063D5;
			productRefGroup = B0D521711BE4F753002063D5 /* Products */;
			projectDirPath = "";
			projectReferences = (
				{
					ProductGroup = B0EA67B01C0BE18400515762 /* Products */;
					ProjectRef = B0EA67AF1C0BE18400515762 /* GrandCentralDispatch.xcodeproj */;
				},
				{
					ProductGroup = B0EA67BF1C0BE18E00515762 /* Products */;
					ProjectRef = B0EA67BE1C0BE18E00515762 /* HTTPParser.xcodeproj */;
				},
				{
					ProductGroup = B0EA67A11C0BE17F00515762 /* Products */;
					ProjectRef = B0EA67A01C0BE17F00515762 /* TCPIP.xcodeproj */;
				},
			);
			projectRoot = "";
			targets = (
				B0D5216F1BE4F753002063D5 /* Aeon OSX */,
				3A1C55881BECE19A006EC3F7 /* Aeon iOS */,
				B0D521791BE4F753002063D5 /* Aeon OSX Tests */,
				3A1C55911BECE19A006EC3F7 /* Aeon iOS Tests */,
			);
		};
/* End PBXProject section */

/* Begin PBXReferenceProxy section */
		B0EA67A81C0BE17F00515762 /* TCPIP.framework */ = {
			isa = PBXReferenceProxy;
			fileType = wrapper.framework;
			path = TCPIP.framework;
			remoteRef = B0EA67A71C0BE17F00515762 /* PBXContainerItemProxy */;
			sourceTree = BUILT_PRODUCTS_DIR;
		};
		B0EA67AA1C0BE17F00515762 /* TCPIP.framework */ = {
			isa = PBXReferenceProxy;
			fileType = wrapper.framework;
			path = TCPIP.framework;
			remoteRef = B0EA67A91C0BE17F00515762 /* PBXContainerItemProxy */;
			sourceTree = BUILT_PRODUCTS_DIR;
		};
		B0EA67AC1C0BE17F00515762 /* TCPIPTests.xctest */ = {
			isa = PBXReferenceProxy;
			fileType = wrapper.cfbundle;
			path = TCPIPTests.xctest;
			remoteRef = B0EA67AB1C0BE17F00515762 /* PBXContainerItemProxy */;
			sourceTree = BUILT_PRODUCTS_DIR;
		};
		B0EA67AE1C0BE17F00515762 /* TCPIPTests.xctest */ = {
			isa = PBXReferenceProxy;
			fileType = wrapper.cfbundle;
			path = TCPIPTests.xctest;
			remoteRef = B0EA67AD1C0BE17F00515762 /* PBXContainerItemProxy */;
			sourceTree = BUILT_PRODUCTS_DIR;
		};
		B0EA67B71C0BE18400515762 /* GrandCentralDispatch.framework */ = {
			isa = PBXReferenceProxy;
			fileType = wrapper.framework;
			path = GrandCentralDispatch.framework;
			remoteRef = B0EA67B61C0BE18400515762 /* PBXContainerItemProxy */;
			sourceTree = BUILT_PRODUCTS_DIR;
		};
		B0EA67B91C0BE18400515762 /* GrandCentralDispatch.framework */ = {
			isa = PBXReferenceProxy;
			fileType = wrapper.framework;
			path = GrandCentralDispatch.framework;
			remoteRef = B0EA67B81C0BE18400515762 /* PBXContainerItemProxy */;
			sourceTree = BUILT_PRODUCTS_DIR;
		};
		B0EA67BB1C0BE18400515762 /* GrandCentralDispatchTests.xctest */ = {
			isa = PBXReferenceProxy;
			fileType = wrapper.cfbundle;
			path = GrandCentralDispatchTests.xctest;
			remoteRef = B0EA67BA1C0BE18400515762 /* PBXContainerItemProxy */;
			sourceTree = BUILT_PRODUCTS_DIR;
		};
		B0EA67BD1C0BE18400515762 /* GrandCentralDispatchTests.xctest */ = {
			isa = PBXReferenceProxy;
			fileType = wrapper.cfbundle;
			path = GrandCentralDispatchTests.xctest;
			remoteRef = B0EA67BC1C0BE18400515762 /* PBXContainerItemProxy */;
			sourceTree = BUILT_PRODUCTS_DIR;
		};
		B0EA67C71C0BE18F00515762 /* HTTPParser.framework */ = {
			isa = PBXReferenceProxy;
			fileType = wrapper.framework;
			path = HTTPParser.framework;
			remoteRef = B0EA67C61C0BE18F00515762 /* PBXContainerItemProxy */;
			sourceTree = BUILT_PRODUCTS_DIR;
		};
		B0EA67C91C0BE18F00515762 /* HTTPParser.framework */ = {
			isa = PBXReferenceProxy;
			fileType = wrapper.framework;
			path = HTTPParser.framework;
			remoteRef = B0EA67C81C0BE18F00515762 /* PBXContainerItemProxy */;
			sourceTree = BUILT_PRODUCTS_DIR;
		};
		B0EA67CB1C0BE18F00515762 /* HTTPParserTests.xctest */ = {
			isa = PBXReferenceProxy;
			fileType = wrapper.cfbundle;
			path = HTTPParserTests.xctest;
			remoteRef = B0EA67CA1C0BE18F00515762 /* PBXContainerItemProxy */;
			sourceTree = BUILT_PRODUCTS_DIR;
		};
		B0EA67CD1C0BE18F00515762 /* HTTPParserTests.xctest */ = {
			isa = PBXReferenceProxy;
			fileType = wrapper.cfbundle;
			path = HTTPParserTests.xctest;
			remoteRef = B0EA67CC1C0BE18F00515762 /* PBXContainerItemProxy */;
			sourceTree = BUILT_PRODUCTS_DIR;
		};
/* End PBXReferenceProxy section */

/* Begin PBXResourcesBuildPhase section */
		3A1C55871BECE19A006EC3F7 /* Resources */ = {
			isa = PBXResourcesBuildPhase;
			buildActionMask = 2147483647;
			files = (
			);
			runOnlyForDeploymentPostprocessing = 0;
		};
		3A1C55901BECE19A006EC3F7 /* Resources */ = {
			isa = PBXResourcesBuildPhase;
			buildActionMask = 2147483647;
			files = (
			);
			runOnlyForDeploymentPostprocessing = 0;
		};
		B0D5216E1BE4F753002063D5 /* Resources */ = {
			isa = PBXResourcesBuildPhase;
			buildActionMask = 2147483647;
			files = (
			);
			runOnlyForDeploymentPostprocessing = 0;
		};
		B0D521781BE4F753002063D5 /* Resources */ = {
			isa = PBXResourcesBuildPhase;
			buildActionMask = 2147483647;
			files = (
			);
			runOnlyForDeploymentPostprocessing = 0;
		};
/* End PBXResourcesBuildPhase section */

/* Begin PBXSourcesBuildPhase section */
		3A1C55841BECE19A006EC3F7 /* Sources */ = {
			isa = PBXSourcesBuildPhase;
			buildActionMask = 2147483647;
			files = (
				B0EA679B1C0BE17600515762 /* HTTPServerType.swift in Sources */,
				B0EA67931C0BE17600515762 /* TCPServer.swift in Sources */,
				B0EA67991C0BE17600515762 /* HTTPResponseSerializerType.swift in Sources */,
				B0EA678D1C0BE17600515762 /* HTTPParser.swift in Sources */,
				B0EA678F1C0BE17600515762 /* HTTPSerializer.swift in Sources */,
				B0EA67E21C0BE1D700515762 /* HTTPServerResponderType.swift in Sources */,
				B0EA67911C0BE17600515762 /* HTTPServer.swift in Sources */,
				B0EA679D1C0BE17600515762 /* TCPServerType.swift in Sources */,
				B0EA67971C0BE17600515762 /* HTTPRequestParserType.swift in Sources */,
				B0EA67951C0BE17600515762 /* TCPStream.swift in Sources */,
			);
			runOnlyForDeploymentPostprocessing = 0;
		};
		3A1C558E1BECE19A006EC3F7 /* Sources */ = {
			isa = PBXSourcesBuildPhase;
			buildActionMask = 2147483647;
			files = (
				3A1C55A51BECE2DC006EC3F7 /* AeonTests.swift in Sources */,
			);
			runOnlyForDeploymentPostprocessing = 0;
		};
		B0D5216B1BE4F753002063D5 /* Sources */ = {
			isa = PBXSourcesBuildPhase;
			buildActionMask = 2147483647;
			files = (
				B0EA679A1C0BE17600515762 /* HTTPServerType.swift in Sources */,
				B0EA67921C0BE17600515762 /* TCPServer.swift in Sources */,
				B0EA67981C0BE17600515762 /* HTTPResponseSerializerType.swift in Sources */,
				B0EA678C1C0BE17600515762 /* HTTPParser.swift in Sources */,
				B0EA678E1C0BE17600515762 /* HTTPSerializer.swift in Sources */,
				B0EA67E11C0BE1D700515762 /* HTTPServerResponderType.swift in Sources */,
				B0EA67901C0BE17600515762 /* HTTPServer.swift in Sources */,
				B0EA679C1C0BE17600515762 /* TCPServerType.swift in Sources */,
				B0EA67961C0BE17600515762 /* HTTPRequestParserType.swift in Sources */,
				B0EA67941C0BE17600515762 /* TCPStream.swift in Sources */,
			);
			runOnlyForDeploymentPostprocessing = 0;
		};
		B0D521761BE4F753002063D5 /* Sources */ = {
			isa = PBXSourcesBuildPhase;
			buildActionMask = 2147483647;
			files = (
				3A1C55A41BECE2DC006EC3F7 /* AeonTests.swift in Sources */,
			);
			runOnlyForDeploymentPostprocessing = 0;
		};
/* End PBXSourcesBuildPhase section */

/* Begin PBXTargetDependency section */
		3A1C55951BECE19B006EC3F7 /* PBXTargetDependency */ = {
			isa = PBXTargetDependency;
			target = 3A1C55881BECE19A006EC3F7 /* Aeon iOS */;
			targetProxy = 3A1C55941BECE19B006EC3F7 /* PBXContainerItemProxy */;
		};
		B0D5217D1BE4F753002063D5 /* PBXTargetDependency */ = {
			isa = PBXTargetDependency;
			target = B0D5216F1BE4F753002063D5 /* Aeon OSX */;
			targetProxy = B0D5217C1BE4F753002063D5 /* PBXContainerItemProxy */;
		};
		B0EA67D51C0BE1AE00515762 /* PBXTargetDependency */ = {
			isa = PBXTargetDependency;
			name = "TCPIP iOS";
			targetProxy = B0EA67D41C0BE1AE00515762 /* PBXContainerItemProxy */;
		};
		B0EA67D71C0BE1AE00515762 /* PBXTargetDependency */ = {
			isa = PBXTargetDependency;
			name = "GrandCentralDispatch iOS";
			targetProxy = B0EA67D61C0BE1AE00515762 /* PBXContainerItemProxy */;
		};
		B0EA67D91C0BE1AE00515762 /* PBXTargetDependency */ = {
			isa = PBXTargetDependency;
			name = "HTTPParser iOS";
			targetProxy = B0EA67D81C0BE1AE00515762 /* PBXContainerItemProxy */;
		};
		B0EA67DB1C0BE1B500515762 /* PBXTargetDependency */ = {
			isa = PBXTargetDependency;
			name = "TCPIP OSX";
			targetProxy = B0EA67DA1C0BE1B500515762 /* PBXContainerItemProxy */;
		};
		B0EA67DD1C0BE1B500515762 /* PBXTargetDependency */ = {
			isa = PBXTargetDependency;
			name = "GrandCentralDispatch OSX";
			targetProxy = B0EA67DC1C0BE1B500515762 /* PBXContainerItemProxy */;
		};
		B0EA67DF1C0BE1B500515762 /* PBXTargetDependency */ = {
			isa = PBXTargetDependency;
			name = "HTTPParser OSX";
			targetProxy = B0EA67DE1C0BE1B500515762 /* PBXContainerItemProxy */;
		};
/* End PBXTargetDependency section */

/* Begin XCBuildConfiguration section */
		3A1C559B1BECE19B006EC3F7 /* Debug */ = {
			isa = XCBuildConfiguration;
			buildSettings = {
				CODE_SIGN_IDENTITY = "iPhone Developer";
				"CODE_SIGN_IDENTITY[sdk=iphoneos*]" = "iPhone Developer";
				DEFINES_MODULE = YES;
				DYLIB_COMPATIBILITY_VERSION = 1;
				DYLIB_CURRENT_VERSION = 1;
				DYLIB_INSTALL_NAME_BASE = "@rpath";
				INFOPLIST_FILE = Aeon/Info.plist;
				INSTALL_PATH = "$(LOCAL_LIBRARY_DIR)/Frameworks";
				IPHONEOS_DEPLOYMENT_TARGET = 8.0;
				LD_RUNPATH_SEARCH_PATHS = "$(inherited) @executable_path/Frameworks @loader_path/Frameworks";
				PRODUCT_BUNDLE_IDENTIFIER = com.zewo.Aeon;
				PRODUCT_NAME = Aeon;
				SDKROOT = iphoneos;
				SKIP_INSTALL = YES;
				TARGETED_DEVICE_FAMILY = "1,2";
			};
			name = Debug;
		};
		3A1C559C1BECE19B006EC3F7 /* Release */ = {
			isa = XCBuildConfiguration;
			buildSettings = {
				CODE_SIGN_IDENTITY = "iPhone Developer";
				"CODE_SIGN_IDENTITY[sdk=iphoneos*]" = "iPhone Developer";
				DEFINES_MODULE = YES;
				DYLIB_COMPATIBILITY_VERSION = 1;
				DYLIB_CURRENT_VERSION = 1;
				DYLIB_INSTALL_NAME_BASE = "@rpath";
				INFOPLIST_FILE = Aeon/Info.plist;
				INSTALL_PATH = "$(LOCAL_LIBRARY_DIR)/Frameworks";
				IPHONEOS_DEPLOYMENT_TARGET = 8.0;
				LD_RUNPATH_SEARCH_PATHS = "$(inherited) @executable_path/Frameworks @loader_path/Frameworks";
				PRODUCT_BUNDLE_IDENTIFIER = com.zewo.Aeon;
				PRODUCT_NAME = Aeon;
				SDKROOT = iphoneos;
				SKIP_INSTALL = YES;
				SWIFT_OPTIMIZATION_LEVEL = "-Owholemodule";
				TARGETED_DEVICE_FAMILY = "1,2";
				VALIDATE_PRODUCT = YES;
			};
			name = Release;
		};
		3A1C559E1BECE19B006EC3F7 /* Debug */ = {
			isa = XCBuildConfiguration;
			buildSettings = {
				"CODE_SIGN_IDENTITY[sdk=iphoneos*]" = "iPhone Developer";
				INFOPLIST_FILE = "Aeon Tests/Info.plist";
				IPHONEOS_DEPLOYMENT_TARGET = 9.1;
				LD_RUNPATH_SEARCH_PATHS = "$(inherited) @executable_path/Frameworks @loader_path/Frameworks";
				PRODUCT_BUNDLE_IDENTIFIER = com.zewo.AeonTests;
				PRODUCT_NAME = "$(TARGET_NAME)";
				SDKROOT = iphoneos;
			};
			name = Debug;
		};
		3A1C559F1BECE19B006EC3F7 /* Release */ = {
			isa = XCBuildConfiguration;
			buildSettings = {
				"CODE_SIGN_IDENTITY[sdk=iphoneos*]" = "iPhone Developer";
				INFOPLIST_FILE = "Aeon Tests/Info.plist";
				IPHONEOS_DEPLOYMENT_TARGET = 9.1;
				LD_RUNPATH_SEARCH_PATHS = "$(inherited) @executable_path/Frameworks @loader_path/Frameworks";
				PRODUCT_BUNDLE_IDENTIFIER = com.zewo.AeonTests;
				PRODUCT_NAME = "$(TARGET_NAME)";
				SDKROOT = iphoneos;
				VALIDATE_PRODUCT = YES;
			};
			name = Release;
		};
		B0D521821BE4F753002063D5 /* Debug */ = {
			isa = XCBuildConfiguration;
			buildSettings = {
				ALWAYS_SEARCH_USER_PATHS = NO;
				CLANG_CXX_LANGUAGE_STANDARD = "gnu++0x";
				CLANG_CXX_LIBRARY = "libc++";
				CLANG_ENABLE_MODULES = YES;
				CLANG_ENABLE_OBJC_ARC = YES;
				CLANG_WARN_BOOL_CONVERSION = YES;
				CLANG_WARN_CONSTANT_CONVERSION = YES;
				CLANG_WARN_DIRECT_OBJC_ISA_USAGE = YES_ERROR;
				CLANG_WARN_EMPTY_BODY = YES;
				CLANG_WARN_ENUM_CONVERSION = YES;
				CLANG_WARN_INT_CONVERSION = YES;
				CLANG_WARN_OBJC_ROOT_CLASS = YES_ERROR;
				CLANG_WARN_UNREACHABLE_CODE = YES;
				CLANG_WARN__DUPLICATE_METHOD_MATCH = YES;
				CODE_SIGN_IDENTITY = "-";
				COPY_PHASE_STRIP = NO;
				CURRENT_PROJECT_VERSION = 1;
				DEBUG_INFORMATION_FORMAT = dwarf;
				ENABLE_STRICT_OBJC_MSGSEND = YES;
				ENABLE_TESTABILITY = YES;
				GCC_C_LANGUAGE_STANDARD = gnu99;
				GCC_DYNAMIC_NO_PIC = NO;
				GCC_NO_COMMON_BLOCKS = YES;
				GCC_OPTIMIZATION_LEVEL = 0;
				GCC_PREPROCESSOR_DEFINITIONS = (
					"DEBUG=1",
					"$(inherited)",
				);
				GCC_WARN_64_TO_32_BIT_CONVERSION = YES;
				GCC_WARN_ABOUT_RETURN_TYPE = YES_ERROR;
				GCC_WARN_UNDECLARED_SELECTOR = YES;
				GCC_WARN_UNINITIALIZED_AUTOS = YES_AGGRESSIVE;
				GCC_WARN_UNUSED_FUNCTION = YES;
				GCC_WARN_UNUSED_VARIABLE = YES;
				MACOSX_DEPLOYMENT_TARGET = 10.10;
				MTL_ENABLE_DEBUG_INFO = YES;
				ONLY_ACTIVE_ARCH = YES;
				SDKROOT = macosx;
				SWIFT_INCLUDE_PATHS = "$(SRCROOT)/Dependencies";
				SWIFT_OPTIMIZATION_LEVEL = "-Onone";
				VERSIONING_SYSTEM = "apple-generic";
				VERSION_INFO_PREFIX = "";
			};
			name = Debug;
		};
		B0D521831BE4F753002063D5 /* Release */ = {
			isa = XCBuildConfiguration;
			buildSettings = {
				ALWAYS_SEARCH_USER_PATHS = NO;
				CLANG_CXX_LANGUAGE_STANDARD = "gnu++0x";
				CLANG_CXX_LIBRARY = "libc++";
				CLANG_ENABLE_MODULES = YES;
				CLANG_ENABLE_OBJC_ARC = YES;
				CLANG_WARN_BOOL_CONVERSION = YES;
				CLANG_WARN_CONSTANT_CONVERSION = YES;
				CLANG_WARN_DIRECT_OBJC_ISA_USAGE = YES_ERROR;
				CLANG_WARN_EMPTY_BODY = YES;
				CLANG_WARN_ENUM_CONVERSION = YES;
				CLANG_WARN_INT_CONVERSION = YES;
				CLANG_WARN_OBJC_ROOT_CLASS = YES_ERROR;
				CLANG_WARN_UNREACHABLE_CODE = YES;
				CLANG_WARN__DUPLICATE_METHOD_MATCH = YES;
				CODE_SIGN_IDENTITY = "-";
				COPY_PHASE_STRIP = NO;
				CURRENT_PROJECT_VERSION = 1;
				DEBUG_INFORMATION_FORMAT = "dwarf-with-dsym";
				ENABLE_NS_ASSERTIONS = NO;
				ENABLE_STRICT_OBJC_MSGSEND = YES;
				GCC_C_LANGUAGE_STANDARD = gnu99;
				GCC_NO_COMMON_BLOCKS = YES;
				GCC_WARN_64_TO_32_BIT_CONVERSION = YES;
				GCC_WARN_ABOUT_RETURN_TYPE = YES_ERROR;
				GCC_WARN_UNDECLARED_SELECTOR = YES;
				GCC_WARN_UNINITIALIZED_AUTOS = YES_AGGRESSIVE;
				GCC_WARN_UNUSED_FUNCTION = YES;
				GCC_WARN_UNUSED_VARIABLE = YES;
				MACOSX_DEPLOYMENT_TARGET = 10.10;
				MTL_ENABLE_DEBUG_INFO = NO;
				SDKROOT = macosx;
				SWIFT_INCLUDE_PATHS = "$(SRCROOT)/Dependencies";
				VERSIONING_SYSTEM = "apple-generic";
				VERSION_INFO_PREFIX = "";
			};
			name = Release;
		};
		B0D521851BE4F753002063D5 /* Debug */ = {
			isa = XCBuildConfiguration;
			buildSettings = {
				CLANG_ENABLE_MODULES = YES;
				CODE_SIGN_IDENTITY = "";
				COMBINE_HIDPI_IMAGES = YES;
				DEFINES_MODULE = YES;
				DYLIB_COMPATIBILITY_VERSION = 1;
				DYLIB_CURRENT_VERSION = 1;
				DYLIB_INSTALL_NAME_BASE = "@rpath";
				FRAMEWORK_VERSION = A;
				INFOPLIST_FILE = Aeon/Info.plist;
				INSTALL_PATH = "$(LOCAL_LIBRARY_DIR)/Frameworks";
				LD_RUNPATH_SEARCH_PATHS = "$(inherited) @executable_path/../Frameworks @loader_path/Frameworks";
				MACOSX_DEPLOYMENT_TARGET = 10.9;
				PRODUCT_BUNDLE_IDENTIFIER = com.zewo.Aeon;
				PRODUCT_NAME = Aeon;
				SKIP_INSTALL = YES;
				SWIFT_INCLUDE_PATHS = "$(SRCROOT)/Dependencies";
				SWIFT_OPTIMIZATION_LEVEL = "-Onone";
			};
			name = Debug;
		};
		B0D521861BE4F753002063D5 /* Release */ = {
			isa = XCBuildConfiguration;
			buildSettings = {
				CLANG_ENABLE_MODULES = YES;
				CODE_SIGN_IDENTITY = "";
				COMBINE_HIDPI_IMAGES = YES;
				DEFINES_MODULE = YES;
				DYLIB_COMPATIBILITY_VERSION = 1;
				DYLIB_CURRENT_VERSION = 1;
				DYLIB_INSTALL_NAME_BASE = "@rpath";
				FRAMEWORK_VERSION = A;
				INFOPLIST_FILE = Aeon/Info.plist;
				INSTALL_PATH = "$(LOCAL_LIBRARY_DIR)/Frameworks";
				LD_RUNPATH_SEARCH_PATHS = "$(inherited) @executable_path/../Frameworks @loader_path/Frameworks";
				MACOSX_DEPLOYMENT_TARGET = 10.9;
				PRODUCT_BUNDLE_IDENTIFIER = com.zewo.Aeon;
				PRODUCT_NAME = Aeon;
				SKIP_INSTALL = YES;
				SWIFT_INCLUDE_PATHS = "$(SRCROOT)/Dependencies";
				SWIFT_OPTIMIZATION_LEVEL = "-Owholemodule";
			};
			name = Release;
		};
		B0D521881BE4F753002063D5 /* Debug */ = {
			isa = XCBuildConfiguration;
			buildSettings = {
				CLANG_ENABLE_MODULES = YES;
				COMBINE_HIDPI_IMAGES = YES;
				INFOPLIST_FILE = "Aeon Tests/Info.plist";
				LD_RUNPATH_SEARCH_PATHS = "$(inherited) @executable_path/../Frameworks @loader_path/../Frameworks";
				PRODUCT_BUNDLE_IDENTIFIER = com.zewo.AeonTests;
				PRODUCT_NAME = "$(TARGET_NAME)";
				SWIFT_OPTIMIZATION_LEVEL = "-Onone";
			};
			name = Debug;
		};
		B0D521891BE4F753002063D5 /* Release */ = {
			isa = XCBuildConfiguration;
			buildSettings = {
				CLANG_ENABLE_MODULES = YES;
				COMBINE_HIDPI_IMAGES = YES;
				INFOPLIST_FILE = "Aeon Tests/Info.plist";
				LD_RUNPATH_SEARCH_PATHS = "$(inherited) @executable_path/../Frameworks @loader_path/../Frameworks";
				PRODUCT_BUNDLE_IDENTIFIER = com.zewo.AeonTests;
				PRODUCT_NAME = "$(TARGET_NAME)";
			};
			name = Release;
		};
/* End XCBuildConfiguration section */

/* Begin XCConfigurationList section */
		3A1C559A1BECE19B006EC3F7 /* Build configuration list for PBXNativeTarget "Aeon iOS" */ = {
			isa = XCConfigurationList;
			buildConfigurations = (
				3A1C559B1BECE19B006EC3F7 /* Debug */,
				3A1C559C1BECE19B006EC3F7 /* Release */,
			);
			defaultConfigurationIsVisible = 0;
			defaultConfigurationName = Release;
		};
		3A1C559D1BECE19B006EC3F7 /* Build configuration list for PBXNativeTarget "Aeon iOS Tests" */ = {
			isa = XCConfigurationList;
			buildConfigurations = (
				3A1C559E1BECE19B006EC3F7 /* Debug */,
				3A1C559F1BECE19B006EC3F7 /* Release */,
			);
			defaultConfigurationIsVisible = 0;
			defaultConfigurationName = Release;
		};
		B0D5216A1BE4F753002063D5 /* Build configuration list for PBXProject "Aeon" */ = {
			isa = XCConfigurationList;
			buildConfigurations = (
				B0D521821BE4F753002063D5 /* Debug */,
				B0D521831BE4F753002063D5 /* Release */,
			);
			defaultConfigurationIsVisible = 0;
			defaultConfigurationName = Release;
		};
		B0D521841BE4F753002063D5 /* Build configuration list for PBXNativeTarget "Aeon OSX" */ = {
			isa = XCConfigurationList;
			buildConfigurations = (
				B0D521851BE4F753002063D5 /* Debug */,
				B0D521861BE4F753002063D5 /* Release */,
			);
			defaultConfigurationIsVisible = 0;
			defaultConfigurationName = Release;
		};
		B0D521871BE4F753002063D5 /* Build configuration list for PBXNativeTarget "Aeon OSX Tests" */ = {
			isa = XCConfigurationList;
			buildConfigurations = (
				B0D521881BE4F753002063D5 /* Debug */,
				B0D521891BE4F753002063D5 /* Release */,
			);
			defaultConfigurationIsVisible = 0;
			defaultConfigurationName = Release;
		};
/* End XCConfigurationList section */
	};
	rootObject = B0D521671BE4F753002063D5 /* Project object */;
}
